
Microsoft Visual Studio Solution File, Format Version 12.00
# Visual Studio Version 17
VisualStudioVersion = 17.3.32811.315
MinimumVisualStudioVersion = 10.0.40219.1
Project("{FAE04EC0-301F-11D3-BF4B-00C04F79EFBC}") = "JedDatTyp07", "JedDatTyp07\JedDatTyp07.csproj", "{E063B88A-767B-41B2-AB09-5310ECF72F30}"
EndProject
Global
	GlobalSection(SolutionConfigurationPlatforms) = preSolution
		Debug|Any CPU = Debug|Any CPU
		Release|Any CPU = Release|Any CPU
	EndGlobalSection
	GlobalSection(ProjectConfigurationPlatforms) = postSolution
		{E063B88A-767B-41B2-AB09-5310ECF72F30}.Debug|Any CPU.ActiveCfg = Debug|Any CPU
		{E063B88A-767B-41B2-AB09-5310ECF72F30}.Debug|Any CPU.Build.0 = Debug|Any CPU
		{E063B88A-767B-41B2-AB09-5310ECF72F30}.Release|Any CPU.ActiveCfg = Release|Any CPU
		{E063B88A-767B-41B2-AB09-5310ECF72F30}.Release|Any CPU.Build.0 = Release|Any CPU
	EndGlobalSection
	GlobalSection(SolutionProperties) = preSolution
		HideSolutionNode = FALSE
	EndGlobalSection
	GlobalSection(ExtensibilityGlobals) = postSolution
		SolutionGuid = {53262057-C467-4014-A501-9D25AA75C3C0}
	EndGlobalSection
EndGlobal
